# This file is autogenerated, do not edit; changes may be undone by the next 'dep ensure'.


[[projects]]
  branch = "master"
  digest = "1:4c4c33075b704791d6a7f09dfb55c66769e8a1dc6adf87026292d274fe8ad113"
  name = "github.com/codahale/hdrhistogram"
  packages = ["."]
  pruneopts = "UT"
  revision = "3a0bb77429bd3a61596f5e8a3172445844342120"

[[projects]]
  branch = "master"
  digest = "1:7b5c6e2eeaa9ae5907c391a91c132abfd5c9e8a784a341b5625e750c67e6825d"
  name = "github.com/gorilla/websocket"
  packages = ["."]
  pruneopts = "UT"
  revision = "66b9c49e59c6c48f0ffce28c2d8b8a5678502c6d"

[[projects]]
  digest = "1:89dfd879adc40793de2e59f4f7c42c1b4ad6bdab32fcb5d6b769c1fcc6fc452a"
  name = "github.com/gravitational/trace"
  packages = ["."]
  pruneopts = "UT"
  revision = "3318e711adee0b3f48d3399ebf5aaddf329a2b4f"
  version = "1.1.5"

[[projects]]
  digest = "1:75ab90ae3f5d876167e60f493beadfe66f0ed861a710f283fb06c86437a09538"
  name = "github.com/jonboulle/clockwork"
  packages = ["."]
  pruneopts = "UT"
  revision = "2eee05ed794112d45db504eb05aa693efd2b8b09"
  version = "v0.1.0"

[[projects]]
  branch = "master"
  digest = "1:a9ee56da4d72348010d10e6fe3bb79f05c41360530d0e30778cf59f9b795e15e"
  name = "github.com/mailgun/multibuf"
  packages = ["."]
  pruneopts = "UT"
  revision = "565402cd71fbd9c12aa7e295324ea357e970a61e"

[[projects]]
  branch = "master"
  digest = "1:3fd1adcbd889afe2d5dd9e1b5092f7c27a247f1428fa9f7f4fdcff012ac5362c"
  name = "github.com/mailgun/timetools"
  packages = ["."]
  pruneopts = "UT"
  revision = "f3a7b8ffff474320c4f5cc564c9abb2c52ded8bc"

[[projects]]
  digest = "1:d867dfa6751c8d7a435821ad3b736310c2ed68945d05b50fb9d23aee0540c8cc"
  name = "github.com/sirupsen/logrus"
  packages = ["."]
  pruneopts = "UT"
  revision = "3e01752db0189b9157070a0e1668a620f9a85da2"
  version = "v1.0.6"

[[projects]]
  branch = "master"
  digest = "1:4ebe4a33cc0f8b220935029326d1b373d404abf62cf5c433c867e620be09d937"
  name = "github.com/vulcand/oxy"
  packages = [
    "buffer",
    "forward",
    "memmetrics",
    "roundrobin",
    "utils",
  ]
  pruneopts = "UT"
  revision = "77148e9694210e5f5610328f1cd7cf65583014c2"

[[projects]]
  digest = "1:6c5f68cf784d26b3ffa628e787d7a36cad30ad57d7e0a6b29f6f3a08f1021c8e"
  name = "github.com/vulcand/predicate"
  packages = ["."]
  pruneopts = "UT"
  revision = "8fbfb3ab0e94276b6b58bec378600829adc7a203"
  version = "v1.1.0"

[[projects]]
  branch = "master"
  digest = "1:3f3a05ae0b95893d90b9b3b5afdb79a9b3d96e4e36e099d841ae602e4aca0da8"
  name = "golang.org/x/crypto"
  packages = ["ssh/terminal"]
  pruneopts = "UT"
  revision = "0e37d006457bf46f9e6692014ba72ef82c33022c"

[[projects]]
  branch = "master"
  digest = "1:76ee51c3f468493aff39dbacc401e8831fbb765104cbf613b89bef01cf4bad70"
  name = "golang.org/x/net"
  packages = ["context"]
  pruneopts = "UT"
  revision = "26e67e76b6c3f6ce91f7c52def5af501b4e0f3a2"

[[projects]]
  branch = "master"
  digest = "1:3190607ae5408d2745e90f19a72c6b728f607f6e1ea2130218202a614b8be489"
  name = "golang.org/x/sys"
  packages = [
    "unix",
    "windows",
  ]
  pruneopts = "UT"
  revision = "1561086e645b2809fb9f8a1e2a38160bf8d53bf4"

[[projects]]
  branch = "v2"
  digest = "1:b814124e2edb5d5a2d77699e8322f5e2862cb78054148ae9a210b2682276b41c"
  name = "gopkg.in/mgo.v2"
  packages = [
    "bson",
    "internal/json",
  ]
  pruneopts = "UT"
  revision = "9856a29383ce1c59f308dd1cf0363a79b5bef6b5"

[solve-meta]
  analyzer-name = "dep"
  analyzer-version = 1
  input-imports = [
    "github.com/vulcand/oxy/buffer",
    "github.com/vulcand/oxy/forward",
    "github.com/vulcand/oxy/roundrobin",
  ]
  solver-name = "gps-cdcl"
  solver-version = 1
